{
  "requires": true,
  "lockfileVersion": 1,
  "dependencies": {
    "serverless-disable-functions": {
      "version": "0.1.0",
      "resolved": "https://registry.npmjs.org/serverless-disable-functions/-/serverless-disable-functions-0.1.0.tgz",
      "integrity": "sha512-e8QbyedAXktxmKRHoSZQTIaWHVYt3cdWHvX4WQQUyOMVjN9HDf4HFB3DkBoJ71qYaixZxzKS0hI8vNQSgBdwPg=="
    },
    "serverless-plugin-conditional-functions": {
      "version": "1.0.6",
      "resolved": "https://registry.npmjs.org/serverless-plugin-conditional-functions/-/serverless-plugin-conditional-functions-1.0.6.tgz",
      "integrity": "sha512-BP6mdJ530GHl7VtbWIBsrQYt2fNMHV08Rqi7AQOLg34eteFJ+uT5WyzPh4WTnQQj8jjbcnua1d5VKSGckepvIA==",
      "dev": true
    }
  }
}
